
Microsoft Visual Studio Solution File, Format Version 12.00
# Visual Studio Version 17
VisualStudioVersion = 17.7.34221.43
MinimumVisualStudioVersion = 10.0.40219.1
Project("{FAE04EC0-301F-11D3-BF4B-00C04F79EFBC}") = "ArrayList", "ArrayList.csproj", "{8CAB8815-24F9-4905-B8CD-A746B7248EC3}"
EndProject
Project("{FAE04EC0-301F-11D3-BF4B-00C04F79EFBC}") = "Stack", "..\Stack\Stack.csproj", "{6A37CF8A-18B6-4817-9861-2FB33A8B1A01}"
EndProject
Project("{FAE04EC0-301F-11D3-BF4B-00C04F79EFBC}") = "Queue", "..\Queue\Queue.csproj", "{0148070A-7298-40BC-97B5-637524ACAC89}"
EndProject
Project("{FAE04EC0-301F-11D3-BF4B-00C04F79EFBC}") = "HasTable", "..\HasTable\HasTable.csproj", "{97A7102A-8871-4DD8-A91B-D5F06EA931D3}"
EndProject
Project("{FAE04EC0-301F-11D3-BF4B-00C04F79EFBC}") = "SortedList", "..\SortedList\SortedList.csproj", "{29086F38-8DAE-4781-A9C0-03890FC76BD3}"
EndProject
Project("{FAE04EC0-301F-11D3-BF4B-00C04F79EFBC}") = "List", "..\List\List.csproj", "{50AFB522-07E3-419B-B89D-FE867B08A04C}"
EndProject
Global
	GlobalSection(SolutionConfigurationPlatforms) = preSolution
		Debug|Any CPU = Debug|Any CPU
		Release|Any CPU = Release|Any CPU
	EndGlobalSection
	GlobalSection(ProjectConfigurationPlatforms) = postSolution
		{8CAB8815-24F9-4905-B8CD-A746B7248EC3}.Debug|Any CPU.ActiveCfg = Debug|Any CPU
		{8CAB8815-24F9-4905-B8CD-A746B7248EC3}.Debug|Any CPU.Build.0 = Debug|Any CPU
		{8CAB8815-24F9-4905-B8CD-A746B7248EC3}.Release|Any CPU.ActiveCfg = Release|Any CPU
		{8CAB8815-24F9-4905-B8CD-A746B7248EC3}.Release|Any CPU.Build.0 = Release|Any CPU
		{6A37CF8A-18B6-4817-9861-2FB33A8B1A01}.Debug|Any CPU.ActiveCfg = Debug|Any CPU
		{6A37CF8A-18B6-4817-9861-2FB33A8B1A01}.Debug|Any CPU.Build.0 = Debug|Any CPU
		{6A37CF8A-18B6-4817-9861-2FB33A8B1A01}.Release|Any CPU.ActiveCfg = Release|Any CPU
		{6A37CF8A-18B6-4817-9861-2FB33A8B1A01}.Release|Any CPU.Build.0 = Release|Any CPU
		{0148070A-7298-40BC-97B5-637524ACAC89}.Debug|Any CPU.ActiveCfg = Debug|Any CPU
		{0148070A-7298-40BC-97B5-637524ACAC89}.Debug|Any CPU.Build.0 = Debug|Any CPU
		{0148070A-7298-40BC-97B5-637524ACAC89}.Release|Any CPU.ActiveCfg = Release|Any CPU
		{0148070A-7298-40BC-97B5-637524ACAC89}.Release|Any CPU.Build.0 = Release|Any CPU
		{97A7102A-8871-4DD8-A91B-D5F06EA931D3}.Debug|Any CPU.ActiveCfg = Debug|Any CPU
		{97A7102A-8871-4DD8-A91B-D5F06EA931D3}.Debug|Any CPU.Build.0 = Debug|Any CPU
		{97A7102A-8871-4DD8-A91B-D5F06EA931D3}.Release|Any CPU.ActiveCfg = Release|Any CPU
		{97A7102A-8871-4DD8-A91B-D5F06EA931D3}.Release|Any CPU.Build.0 = Release|Any CPU
		{29086F38-8DAE-4781-A9C0-03890FC76BD3}.Debug|Any CPU.ActiveCfg = Debug|Any CPU
		{29086F38-8DAE-4781-A9C0-03890FC76BD3}.Debug|Any CPU.Build.0 = Debug|Any CPU
		{29086F38-8DAE-4781-A9C0-03890FC76BD3}.Release|Any CPU.ActiveCfg = Release|Any CPU
		{29086F38-8DAE-4781-A9C0-03890FC76BD3}.Release|Any CPU.Build.0 = Release|Any CPU
		{50AFB522-07E3-419B-B89D-FE867B08A04C}.Debug|Any CPU.ActiveCfg = Debug|Any CPU
		{50AFB522-07E3-419B-B89D-FE867B08A04C}.Debug|Any CPU.Build.0 = Debug|Any CPU
		{50AFB522-07E3-419B-B89D-FE867B08A04C}.Release|Any CPU.ActiveCfg = Release|Any CPU
		{50AFB522-07E3-419B-B89D-FE867B08A04C}.Release|Any CPU.Build.0 = Release|Any CPU
	EndGlobalSection
	GlobalSection(SolutionProperties) = preSolution
		HideSolutionNode = FALSE
	EndGlobalSection
	GlobalSection(ExtensibilityGlobals) = postSolution
		SolutionGuid = {656A9DE7-C7B6-4414-A4FF-CDFCFC9300A1}
	EndGlobalSection
EndGlobal
